// !$*UTF8*$!
{
	archiveVersion = 1;
	classes = {
	};
	objectVersion = 46;
	objects = {

/* Begin PBXBuildFile section */
		84185ABA19A5AFE600FE0AB1 /* Foundation.framework in Frameworks */ = {isa = PBXBuildFile; fileRef = 84185AB919A5AFE600FE0AB1 /* Foundation.framework */; };
		84185ABC19A5AFE600FE0AB1 /* CoreGraphics.framework in Frameworks */ = {isa = PBXBuildFile; fileRef = 84185ABB19A5AFE600FE0AB1 /* CoreGraphics.framework */; };
		84185ABE19A5AFE600FE0AB1 /* UIKit.framework in Frameworks */ = {isa = PBXBuildFile; fileRef = 84185ABD19A5AFE600FE0AB1 /* UIKit.framework */; };
		84185AC419A5AFE600FE0AB1 /* InfoPlist.strings in Resources */ = {isa = PBXBuildFile; fileRef = 84185AC219A5AFE600FE0AB1 /* InfoPlist.strings */; };
		84185AC619A5AFE600FE0AB1 /* main.m in Sources */ = {isa = PBXBuildFile; fileRef = 84185AC519A5AFE600FE0AB1 /* main.m */; };
		84185ACA19A5AFE600FE0AB1 /* AppDelegate.m in Sources */ = {isa = PBXBuildFile; fileRef = 84185AC919A5AFE600FE0AB1 /* AppDelegate.m */; };
		84185ACD19A5AFE600FE0AB1 /* Main.storyboard in Resources */ = {isa = PBXBuildFile; fileRef = 84185ACB19A5AFE600FE0AB1 /* Main.storyboard */; };
		84185AD219A5AFE600FE0AB1 /* Images.xcassets in Resources */ = {isa = PBXBuildFile; fileRef = 84185AD119A5AFE600FE0AB1 /* Images.xcassets */; };
		84185AD919A5AFE600FE0AB1 /* XCTest.framework in Frameworks */ = {isa = PBXBuildFile; fileRef = 84185AD819A5AFE600FE0AB1 /* XCTest.framework */; };
		84185ADA19A5AFE600FE0AB1 /* Foundation.framework in Frameworks */ = {isa = PBXBuildFile; fileRef = 84185AB919A5AFE600FE0AB1 /* Foundation.framework */; };
		84185ADB19A5AFE600FE0AB1 /* UIKit.framework in Frameworks */ = {isa = PBXBuildFile; fileRef = 84185ABD19A5AFE600FE0AB1 /* UIKit.framework */; };
		84185AE319A5AFE600FE0AB1 /* InfoPlist.strings in Resources */ = {isa = PBXBuildFile; fileRef = 84185AE119A5AFE600FE0AB1 /* InfoPlist.strings */; };
		84185AE519A5AFE600FE0AB1 /* TipmaticTests.m in Sources */ = {isa = PBXBuildFile; fileRef = 84185AE419A5AFE600FE0AB1 /* TipmaticTests.m */; };
		84185AF419A5B0A100FE0AB1 /* Home.m in Sources */ = {isa = PBXBuildFile; fileRef = 84185AF319A5B0A100FE0AB1 /* Home.m */; };
		84185AF719A6A30600FE0AB1 /* People.m in Sources */ = {isa = PBXBuildFile; fileRef = 84185AF619A6A30600FE0AB1 /* People.m */; };
		84185AFA19A6A7B400FE0AB1 /* Summary.m in Sources */ = {isa = PBXBuildFile; fileRef = 84185AF919A6A7B400FE0AB1 /* Summary.m */; };
		84185AFD19A6A7E300FE0AB1 /* Settings.m in Sources */ = {isa = PBXBuildFile; fileRef = 84185AFC19A6A7E300FE0AB1 /* Settings.m */; };
		84185AFF19A82ED700FE0AB1 /* settings_iphone@2x.png in Resources */ = {isa = PBXBuildFile; fileRef = 84185AFE19A82ED700FE0AB1 /* settings_iphone@2x.png */; };
		84185B0119A8384F00FE0AB1 /* back_iphone@2x.png in Resources */ = {isa = PBXBuildFile; fileRef = 84185B0019A8384F00FE0AB1 /* back_iphone@2x.png */; };
		84185B0319A83DA000FE0AB1 /* StoreKit.framework in Frameworks */ = {isa = PBXBuildFile; fileRef = 84185B0219A83DA000FE0AB1 /* StoreKit.framework */; };
		84185B0D19A9320500FE0AB1 /* info_iphone@2x.png in Resources */ = {isa = PBXBuildFile; fileRef = 84185B0C19A9320500FE0AB1 /* info_iphone@2x.png */; };
		84185B1719ABC4A600FE0AB1 /* circle_background_iphone@2x.png in Resources */ = {isa = PBXBuildFile; fileRef = 84185B1619ABC4A600FE0AB1 /* circle_background_iphone@2x.png */; };
/* End PBXBuildFile section */

/* Begin PBXContainerItemProxy section */
		84185ADC19A5AFE600FE0AB1 /* PBXContainerItemProxy */ = {
			isa = PBXContainerItemProxy;
			containerPortal = 84185AAE19A5AFE600FE0AB1 /* Project object */;
			proxyType = 1;
			remoteGlobalIDString = 84185AB519A5AFE600FE0AB1;
			remoteInfo = Tipmatic;
		};
/* End PBXContainerItemProxy section */

/* Begin PBXFileReference section */
		84185AB619A5AFE600FE0AB1 /* Tipmatic.app */ = {isa = PBXFileReference; explicitFileType = wrapper.application; includeInIndex = 0; path = Tipmatic.app; sourceTree = BUILT_PRODUCTS_DIR; };
		84185AB919A5AFE600FE0AB1 /* Foundation.framework */ = {isa = PBXFileReference; lastKnownFileType = wrapper.framework; name = Foundation.framework; path = System/Library/Frameworks/Foundation.framework; sourceTree = SDKROOT; };
		84185ABB19A5AFE600FE0AB1 /* CoreGraphics.framework */ = {isa = PBXFileReference; lastKnownFileType = wrapper.framework; name = CoreGraphics.framework; path = System/Library/Frameworks/CoreGraphics.framework; sourceTree = SDKROOT; };
		84185ABD19A5AFE600FE0AB1 /* UIKit.framework */ = {isa = PBXFileReference; lastKnownFileType = wrapper.framework; name = UIKit.framework; path = System/Library/Frameworks/UIKit.framework; sourceTree = SDKROOT; };
		84185AC119A5AFE600FE0AB1 /* Tipmatic-Info.plist */ = {isa = PBXFileReference; lastKnownFileType = text.plist.xml; path = "Tipmatic-Info.plist"; sourceTree = "<group>"; };
		84185AC319A5AFE600FE0AB1 /* en */ = {isa = PBXFileReference; lastKnownFileType = text.plist.strings; name = en; path = en.lproj/InfoPlist.strings; sourceTree = "<group>"; };
		84185AC519A5AFE600FE0AB1 /* main.m */ = {isa = PBXFileReference; lastKnownFileType = sourcecode.c.objc; path = main.m; sourceTree = "<group>"; };
		84185AC719A5AFE600FE0AB1 /* Tipmatic-Prefix.pch */ = {isa = PBXFileReference; lastKnownFileType = sourcecode.c.h; path = "Tipmatic-Prefix.pch"; sourceTree = "<group>"; };
		84185AC819A5AFE600FE0AB1 /* AppDelegate.h */ = {isa = PBXFileReference; lastKnownFileType = sourcecode.c.h; path = AppDelegate.h; sourceTree = "<group>"; };
		84185AC919A5AFE600FE0AB1 /* AppDelegate.m */ = {isa = PBXFileReference; lastKnownFileType = sourcecode.c.objc; path = AppDelegate.m; sourceTree = "<group>"; };
		84185ACC19A5AFE600FE0AB1 /* Base */ = {isa = PBXFileReference; lastKnownFileType = file.storyboard; name = Base; path = Base.lproj/Main.storyboard; sourceTree = "<group>"; };
		84185AD119A5AFE600FE0AB1 /* Images.xcassets */ = {isa = PBXFileReference; lastKnownFileType = folder.assetcatalog; path = Images.xcassets; sourceTree = "<group>"; };
		84185AD719A5AFE600FE0AB1 /* TipmaticTests.xctest */ = {isa = PBXFileReference; explicitFileType = wrapper.cfbundle; includeInIndex = 0; path = TipmaticTests.xctest; sourceTree = BUILT_PRODUCTS_DIR; };
		84185AD819A5AFE600FE0AB1 /* XCTest.framework */ = {isa = PBXFileReference; lastKnownFileType = wrapper.framework; name = XCTest.framework; path = Library/Frameworks/XCTest.framework; sourceTree = DEVELOPER_DIR; };
		84185AE019A5AFE600FE0AB1 /* TipmaticTests-Info.plist */ = {isa = PBXFileReference; lastKnownFileType = text.plist.xml; path = "TipmaticTests-Info.plist"; sourceTree = "<group>"; };
		84185AE219A5AFE600FE0AB1 /* en */ = {isa = PBXFileReference; lastKnownFileType = text.plist.strings; name = en; path = en.lproj/InfoPlist.strings; sourceTree = "<group>"; };
		84185AE419A5AFE600FE0AB1 /* TipmaticTests.m */ = {isa = PBXFileReference; lastKnownFileType = sourcecode.c.objc; path = TipmaticTests.m; sourceTree = "<group>"; };
		84185AF219A5B0A100FE0AB1 /* Home.h */ = {isa = PBXFileReference; fileEncoding = 4; lastKnownFileType = sourcecode.c.h; name = Home.h; path = Tipmatic/Home.h; sourceTree = "<group>"; };
		84185AF319A5B0A100FE0AB1 /* Home.m */ = {isa = PBXFileReference; fileEncoding = 4; lastKnownFileType = sourcecode.c.objc; name = Home.m; path = Tipmatic/Home.m; sourceTree = "<group>"; };
		84185AF519A6A30600FE0AB1 /* People.h */ = {isa = PBXFileReference; fileEncoding = 4; lastKnownFileType = sourcecode.c.h; name = People.h; path = Tipmatic/People.h; sourceTree = "<group>"; };
		84185AF619A6A30600FE0AB1 /* People.m */ = {isa = PBXFileReference; fileEncoding = 4; lastKnownFileType = sourcecode.c.objc; name = People.m; path = Tipmatic/People.m; sourceTree = "<group>"; };
		84185AF819A6A7B400FE0AB1 /* Summary.h */ = {isa = PBXFileReference; fileEncoding = 4; lastKnownFileType = sourcecode.c.h; name = Summary.h; path = Tipmatic/Summary.h; sourceTree = "<group>"; };
		84185AF919A6A7B400FE0AB1 /* Summary.m */ = {isa = PBXFileReference; fileEncoding = 4; lastKnownFileType = sourcecode.c.objc; name = Summary.m; path = Tipmatic/Summary.m; sourceTree = "<group>"; };
		84185AFB19A6A7E300FE0AB1 /* Settings.h */ = {isa = PBXFileReference; fileEncoding = 4; lastKnownFileType = sourcecode.c.h; name = Settings.h; path = Tipmatic/Settings.h; sourceTree = "<group>"; };
		84185AFC19A6A7E300FE0AB1 /* Settings.m */ = {isa = PBXFileReference; fileEncoding = 4; lastKnownFileType = sourcecode.c.objc; name = Settings.m; path = Tipmatic/Settings.m; sourceTree = "<group>"; };
		84185AFE19A82ED700FE0AB1 /* settings_iphone@2x.png */ = {isa = PBXFileReference; lastKnownFileType = image.png; path = "settings_iphone@2x.png"; sourceTree = "<group>"; };
		84185B0019A8384F00FE0AB1 /* back_iphone@2x.png */ = {isa = PBXFileReference; lastKnownFileType = image.png; path = "back_iphone@2x.png"; sourceTree = "<group>"; };
		84185B0219A83DA000FE0AB1 /* StoreKit.framework */ = {isa = PBXFileReference; lastKnownFileType = wrapper.framework; name = StoreKit.framework; path = System/Library/Frameworks/StoreKit.framework; sourceTree = SDKROOT; };
		84185B0419A842B600FE0AB1 /* Config.h */ = {isa = PBXFileReference; fileEncoding = 4; lastKnownFileType = sourcecode.c.h; path = Config.h; sourceTree = "<group>"; };
		84185B0C19A9320500FE0AB1 /* info_iphone@2x.png */ = {isa = PBXFileReference; lastKnownFileType = image.png; path = "info_iphone@2x.png"; sourceTree = "<group>"; };
		84185B1619ABC4A600FE0AB1 /* circle_background_iphone@2x.png */ = {isa = PBXFileReference; lastKnownFileType = image.png; path = "circle_background_iphone@2x.png"; sourceTree = "<group>"; };
/* End PBXFileReference section */

/* Begin PBXFrameworksBuildPhase section */
		84185AB319A5AFE600FE0AB1 /* Frameworks */ = {
			isa = PBXFrameworksBuildPhase;
			buildActionMask = 2147483647;
			files = (
				84185B0319A83DA000FE0AB1 /* StoreKit.framework in Frameworks */,
				84185ABC19A5AFE600FE0AB1 /* CoreGraphics.framework in Frameworks */,
				84185ABE19A5AFE600FE0AB1 /* UIKit.framework in Frameworks */,
				84185ABA19A5AFE600FE0AB1 /* Foundation.framework in Frameworks */,
			);
			runOnlyForDeploymentPostprocessing = 0;
		};
		84185AD419A5AFE600FE0AB1 /* Frameworks */ = {
			isa = PBXFrameworksBuildPhase;
			buildActionMask = 2147483647;
			files = (
				84185AD919A5AFE600FE0AB1 /* XCTest.framework in Frameworks */,
				84185ADB19A5AFE600FE0AB1 /* UIKit.framework in Frameworks */,
				84185ADA19A5AFE600FE0AB1 /* Foundation.framework in Frameworks */,
			);
			runOnlyForDeploymentPostprocessing = 0;
		};
/* End PBXFrameworksBuildPhase section */

/* Begin PBXGroup section */
		84185AAD19A5AFE600FE0AB1 = {
			isa = PBXGroup;
			children = (
				84185ABF19A5AFE600FE0AB1 /* Tipmatic */,
				84185ADE19A5AFE600FE0AB1 /* TipmaticTests */,
				84185AB819A5AFE600FE0AB1 /* Frameworks */,
				84185AB719A5AFE600FE0AB1 /* Products */,
			);
			sourceTree = "<group>";
		};
		84185AB719A5AFE600FE0AB1 /* Products */ = {
			isa = PBXGroup;
			children = (
				84185AB619A5AFE600FE0AB1 /* Tipmatic.app */,
				84185AD719A5AFE600FE0AB1 /* TipmaticTests.xctest */,
			);
			name = Products;
			sourceTree = "<group>";
		};
		84185AB819A5AFE600FE0AB1 /* Frameworks */ = {
			isa = PBXGroup;
			children = (
				84185B0219A83DA000FE0AB1 /* StoreKit.framework */,
				84185AB919A5AFE600FE0AB1 /* Foundation.framework */,
				84185ABB19A5AFE600FE0AB1 /* CoreGraphics.framework */,
				84185ABD19A5AFE600FE0AB1 /* UIKit.framework */,
				84185AD819A5AFE600FE0AB1 /* XCTest.framework */,
			);
			name = Frameworks;
			sourceTree = "<group>";
		};
		84185ABF19A5AFE600FE0AB1 /* Tipmatic */ = {
			isa = PBXGroup;
			children = (
				84185AC819A5AFE600FE0AB1 /* AppDelegate.h */,
				84185AC919A5AFE600FE0AB1 /* AppDelegate.m */,
				84185B0419A842B600FE0AB1 /* Config.h */,
				84185ACB19A5AFE600FE0AB1 /* Main.storyboard */,
				84185AF119A5B03100FE0AB1 /* VC */,
				84185AD119A5AFE600FE0AB1 /* Images.xcassets */,
				84185AC019A5AFE600FE0AB1 /* Supporting Files */,
			);
			path = Tipmatic;
			sourceTree = "<group>";
		};
		84185AC019A5AFE600FE0AB1 /* Supporting Files */ = {
			isa = PBXGroup;
			children = (
				84185B0019A8384F00FE0AB1 /* back_iphone@2x.png */,
				84185B1619ABC4A600FE0AB1 /* circle_background_iphone@2x.png */,
				84185B0C19A9320500FE0AB1 /* info_iphone@2x.png */,
				84185AFE19A82ED700FE0AB1 /* settings_iphone@2x.png */,
				84185AC119A5AFE600FE0AB1 /* Tipmatic-Info.plist */,
				84185AC219A5AFE600FE0AB1 /* InfoPlist.strings */,
				84185AC519A5AFE600FE0AB1 /* main.m */,
				84185AC719A5AFE600FE0AB1 /* Tipmatic-Prefix.pch */,
			);
			name = "Supporting Files";
			sourceTree = "<group>";
		};
		84185ADE19A5AFE600FE0AB1 /* TipmaticTests */ = {
			isa = PBXGroup;
			children = (
				84185AE419A5AFE600FE0AB1 /* TipmaticTests.m */,
				84185ADF19A5AFE600FE0AB1 /* Supporting Files */,
			);
			path = TipmaticTests;
			sourceTree = "<group>";
		};
		84185ADF19A5AFE600FE0AB1 /* Supporting Files */ = {
			isa = PBXGroup;
			children = (
				84185AE019A5AFE600FE0AB1 /* TipmaticTests-Info.plist */,
				84185AE119A5AFE600FE0AB1 /* InfoPlist.strings */,
			);
			name = "Supporting Files";
			sourceTree = "<group>";
		};
		84185AF119A5B03100FE0AB1 /* VC */ = {
			isa = PBXGroup;
			children = (
				84185AF219A5B0A100FE0AB1 /* Home.h */,
				84185AF319A5B0A100FE0AB1 /* Home.m */,
				84185AF519A6A30600FE0AB1 /* People.h */,
				84185AF619A6A30600FE0AB1 /* People.m */,
				84185AFB19A6A7E300FE0AB1 /* Settings.h */,
				84185AFC19A6A7E300FE0AB1 /* Settings.m */,
				84185AF819A6A7B400FE0AB1 /* Summary.h */,
				84185AF919A6A7B400FE0AB1 /* Summary.m */,
			);
			name = VC;
			path = ..;
			sourceTree = "<group>";
		};
/* End PBXGroup section */

/* Begin PBXNativeTarget section */
		84185AB519A5AFE600FE0AB1 /* Tipmatic */ = {
			isa = PBXNativeTarget;
			buildConfigurationList = 84185AE819A5AFE600FE0AB1 /* Build configuration list for PBXNativeTarget "Tipmatic" */;
			buildPhases = (
				84185AB219A5AFE600FE0AB1 /* Sources */,
				84185AB319A5AFE600FE0AB1 /* Frameworks */,
				84185AB419A5AFE600FE0AB1 /* Resources */,
			);
			buildRules = (
			);
			dependencies = (
			);
			name = Tipmatic;
			productName = Tipmatic;
			productReference = 84185AB619A5AFE600FE0AB1 /* Tipmatic.app */;
			productType = "com.apple.product-type.application";
		};
		84185AD619A5AFE600FE0AB1 /* TipmaticTests */ = {
			isa = PBXNativeTarget;
			buildConfigurationList = 84185AEB19A5AFE600FE0AB1 /* Build configuration list for PBXNativeTarget "TipmaticTests" */;
			buildPhases = (
				84185AD319A5AFE600FE0AB1 /* Sources */,
				84185AD419A5AFE600FE0AB1 /* Frameworks */,
				84185AD519A5AFE600FE0AB1 /* Resources */,
			);
			buildRules = (
			);
			dependencies = (
				84185ADD19A5AFE600FE0AB1 /* PBXTargetDependency */,
			);
			name = TipmaticTests;
			productName = TipmaticTests;
			productReference = 84185AD719A5AFE600FE0AB1 /* TipmaticTests.xctest */;
			productType = "com.apple.product-type.bundle.unit-test";
		};
/* End PBXNativeTarget section */

/* Begin PBXProject section */
		84185AAE19A5AFE600FE0AB1 /* Project object */ = {
			isa = PBXProject;
			attributes = {
				LastUpgradeCheck = 0510;
				ORGANIZATIONNAME = "Elkride Software LLC";
				TargetAttributes = {
					84185AD619A5AFE600FE0AB1 = {
						TestTargetID = 84185AB519A5AFE600FE0AB1;
					};
				};
			};
			buildConfigurationList = 84185AB119A5AFE600FE0AB1 /* Build configuration list for PBXProject "Tipmatic" */;
			compatibilityVersion = "Xcode 3.2";
			developmentRegion = English;
			hasScannedForEncodings = 0;
			knownRegions = (
				en,
				Base,
			);
			mainGroup = 84185AAD19A5AFE600FE0AB1;
			productRefGroup = 84185AB719A5AFE600FE0AB1 /* Products */;
			projectDirPath = "";
			projectRoot = "";
			targets = (
				84185AB519A5AFE600FE0AB1 /* Tipmatic */,
				84185AD619A5AFE600FE0AB1 /* TipmaticTests */,
			);
		};
/* End PBXProject section */

/* Begin PBXResourcesBuildPhase section */
		84185AB419A5AFE600FE0AB1 /* Resources */ = {
			isa = PBXResourcesBuildPhase;
			buildActionMask = 2147483647;
			files = (
				84185AD219A5AFE600FE0AB1 /* Images.xcassets in Resources */,
				84185AC419A5AFE600FE0AB1 /* InfoPlist.strings in Resources */,
				84185B0119A8384F00FE0AB1 /* back_iphone@2x.png in Resources */,
				84185AFF19A82ED700FE0AB1 /* settings_iphone@2x.png in Resources */,
				84185ACD19A5AFE600FE0AB1 /* Main.storyboard in Resources */,
				84185B0D19A9320500FE0AB1 /* info_iphone@2x.png in Resources */,
				84185B1719ABC4A600FE0AB1 /* circle_background_iphone@2x.png in Resources */,
			);
			runOnlyForDeploymentPostprocessing = 0;
		};
		84185AD519A5AFE600FE0AB1 /* Resources */ = {
			isa = PBXResourcesBuildPhase;
			buildActionMask = 2147483647;
			files = (
				84185AE319A5AFE600FE0AB1 /* InfoPlist.strings in Resources */,
			);
			runOnlyForDeploymentPostprocessing = 0;
		};
/* End PBXResourcesBuildPhase section */

/* Begin PBXSourcesBuildPhase section */
		84185AB219A5AFE600FE0AB1 /* Sources */ = {
			isa = PBXSourcesBuildPhase;
			buildActionMask = 2147483647;
			files = (
				84185AF719A6A30600FE0AB1 /* People.m in Sources */,
				84185AFA19A6A7B400FE0AB1 /* Summary.m in Sources */,
				84185AFD19A6A7E300FE0AB1 /* Settings.m in Sources */,
				84185ACA19A5AFE600FE0AB1 /* AppDelegate.m in Sources */,
				84185AC619A5AFE600FE0AB1 /* main.m in Sources */,
				84185AF419A5B0A100FE0AB1 /* Home.m in Sources */,
			);
			runOnlyForDeploymentPostprocessing = 0;
		};
		84185AD319A5AFE600FE0AB1 /* Sources */ = {
			isa = PBXSourcesBuildPhase;
			buildActionMask = 2147483647;
			files = (
				84185AE519A5AFE600FE0AB1 /* TipmaticTests.m in Sources */,
			);
			runOnlyForDeploymentPostprocessing = 0;
		};
/* End PBXSourcesBuildPhase section */

/* Begin PBXTargetDependency section */
		84185ADD19A5AFE600FE0AB1 /* PBXTargetDependency */ = {
			isa = PBXTargetDependency;
			target = 84185AB519A5AFE600FE0AB1 /* Tipmatic */;
			targetProxy = 84185ADC19A5AFE600FE0AB1 /* PBXContainerItemProxy */;
		};
/* End PBXTargetDependency section */

/* Begin PBXVariantGroup section */
		84185AC219A5AFE600FE0AB1 /* InfoPlist.strings */ = {
			isa = PBXVariantGroup;
			children = (
				84185AC319A5AFE600FE0AB1 /* en */,
			);
			name = InfoPlist.strings;
			sourceTree = "<group>";
		};
		84185ACB19A5AFE600FE0AB1 /* Main.storyboard */ = {
			isa = PBXVariantGroup;
			children = (
				84185ACC19A5AFE600FE0AB1 /* Base */,
			);
			name = Main.storyboard;
			sourceTree = "<group>";
		};
		84185AE119A5AFE600FE0AB1 /* InfoPlist.strings */ = {
			isa = PBXVariantGroup;
			children = (
				84185AE219A5AFE600FE0AB1 /* en */,
			);
			name = InfoPlist.strings;
			sourceTree = "<group>";
		};
/* End PBXVariantGroup section */

/* Begin XCBuildConfiguration section */
		84185AE619A5AFE600FE0AB1 /* Debug */ = {
			isa = XCBuildConfiguration;
			buildSettings = {
				ALWAYS_SEARCH_USER_PATHS = NO;
				CLANG_CXX_LANGUAGE_STANDARD = "gnu++0x";
				CLANG_CXX_LIBRARY = "libc++";
				CLANG_ENABLE_MODULES = YES;
				CLANG_ENABLE_OBJC_ARC = YES;
				CLANG_WARN_BOOL_CONVERSION = YES;
				CLANG_WARN_CONSTANT_CONVERSION = YES;
				CLANG_WARN_DIRECT_OBJC_ISA_USAGE = YES_ERROR;
				CLANG_WARN_EMPTY_BODY = YES;
				CLANG_WARN_ENUM_CONVERSION = YES;
				CLANG_WARN_INT_CONVERSION = YES;
				CLANG_WARN_OBJC_ROOT_CLASS = YES_ERROR;
				CLANG_WARN__DUPLICATE_METHOD_MATCH = YES;
				"CODE_SIGN_IDENTITY[sdk=iphoneos*]" = "iPhone Developer";
				COPY_PHASE_STRIP = NO;
				GCC_C_LANGUAGE_STANDARD = gnu99;
				GCC_DYNAMIC_NO_PIC = NO;
				GCC_OPTIMIZATION_LEVEL = 0;
				GCC_PREPROCESSOR_DEFINITIONS = (
					"DEBUG=1",
					"$(inherited)",
				);
				GCC_SYMBOLS_PRIVATE_EXTERN = NO;
				GCC_WARN_64_TO_32_BIT_CONVERSION = YES;
				GCC_WARN_ABOUT_RETURN_TYPE = YES_ERROR;
				GCC_WARN_UNDECLARED_SELECTOR = YES;
				GCC_WARN_UNINITIALIZED_AUTOS = YES_AGGRESSIVE;
				GCC_WARN_UNUSED_FUNCTION = YES;
				GCC_WARN_UNUSED_VARIABLE = YES;
				IPHONEOS_DEPLOYMENT_TARGET = 7.1;
				ONLY_ACTIVE_ARCH = YES;
				SDKROOT = iphoneos;
			};
			name = Debug;
		};
		84185AE719A5AFE600FE0AB1 /* Release */ = {
			isa = XCBuildConfiguration;
			buildSettings = {
				ALWAYS_SEARCH_USER_PATHS = NO;
				CLANG_CXX_LANGUAGE_STANDARD = "gnu++0x";
				CLANG_CXX_LIBRARY = "libc++";
				CLANG_ENABLE_MODULES = YES;
				CLANG_ENABLE_OBJC_ARC = YES;
				CLANG_WARN_BOOL_CONVERSION = YES;
				CLANG_WARN_CONSTANT_CONVERSION = YES;
				CLANG_WARN_DIRECT_OBJC_ISA_USAGE = YES_ERROR;
				CLANG_WARN_EMPTY_BODY = YES;
				CLANG_WARN_ENUM_CONVERSION = YES;
				CLANG_WARN_INT_CONVERSION = YES;
				CLANG_WARN_OBJC_ROOT_CLASS = YES_ERROR;
				CLANG_WARN__DUPLICATE_METHOD_MATCH = YES;
				"CODE_SIGN_IDENTITY[sdk=iphoneos*]" = "iPhone Developer";
				COPY_PHASE_STRIP = YES;
				ENABLE_NS_ASSERTIONS = NO;
				GCC_C_LANGUAGE_STANDARD = gnu99;
				GCC_WARN_64_TO_32_BIT_CONVERSION = YES;
				GCC_WARN_ABOUT_RETURN_TYPE = YES_ERROR;
				GCC_WARN_UNDECLARED_SELECTOR = YES;
				GCC_WARN_UNINITIALIZED_AUTOS = YES_AGGRESSIVE;
				GCC_WARN_UNUSED_FUNCTION = YES;
				GCC_WARN_UNUSED_VARIABLE = YES;
				IPHONEOS_DEPLOYMENT_TARGET = 7.1;
				SDKROOT = iphoneos;
				VALIDATE_PRODUCT = YES;
			};
			name = Release;
		};
		84185AE919A5AFE600FE0AB1 /* Debug */ = {
			isa = XCBuildConfiguration;
			buildSettings = {
				ASSETCATALOG_COMPILER_APPICON_NAME = AppIcon;
				ASSETCATALOG_COMPILER_LAUNCHIMAGE_NAME = LaunchImage;
				GCC_PRECOMPILE_PREFIX_HEADER = YES;
				GCC_PREFIX_HEADER = "Tipmatic/Tipmatic-Prefix.pch";
				INFOPLIST_FILE = "Tipmatic/Tipmatic-Info.plist";
				PRODUCT_NAME = "$(TARGET_NAME)";
				WRAPPER_EXTENSION = app;
			};
			name = Debug;
		};
		84185AEA19A5AFE600FE0AB1 /* Release */ = {
			isa = XCBuildConfiguration;
			buildSettings = {
				ASSETCATALOG_COMPILER_APPICON_NAME = AppIcon;
				ASSETCATALOG_COMPILER_LAUNCHIMAGE_NAME = LaunchImage;
				GCC_PRECOMPILE_PREFIX_HEADER = YES;
				GCC_PREFIX_HEADER = "Tipmatic/Tipmatic-Prefix.pch";
				INFOPLIST_FILE = "Tipmatic/Tipmatic-Info.plist";
				PRODUCT_NAME = "$(TARGET_NAME)";
				WRAPPER_EXTENSION = app;
			};
			name = Release;
		};
		84185AEC19A5AFE600FE0AB1 /* Debug */ = {
			isa = XCBuildConfiguration;
			buildSettings = {
				BUNDLE_LOADER = "$(BUILT_PRODUCTS_DIR)/Tipmatic.app/Tipmatic";
				FRAMEWORK_SEARCH_PATHS = (
					"$(SDKROOT)/Developer/Library/Frameworks",
					"$(inherited)",
					"$(DEVELOPER_FRAMEWORKS_DIR)",
				);
				GCC_PRECOMPILE_PREFIX_HEADER = YES;
				GCC_PREFIX_HEADER = "Tipmatic/Tipmatic-Prefix.pch";
				GCC_PREPROCESSOR_DEFINITIONS = (
					"DEBUG=1",
					"$(inherited)",
				);
				INFOPLIST_FILE = "TipmaticTests/TipmaticTests-Info.plist";
				PRODUCT_NAME = "$(TARGET_NAME)";
				TEST_HOST = "$(BUNDLE_LOADER)";
				WRAPPER_EXTENSION = xctest;
			};
			name = Debug;
		};
		84185AED19A5AFE600FE0AB1 /* Release */ = {
			isa = XCBuildConfiguration;
			buildSettings = {
				BUNDLE_LOADER = "$(BUILT_PRODUCTS_DIR)/Tipmatic.app/Tipmatic";
				FRAMEWORK_SEARCH_PATHS = (
					"$(SDKROOT)/Developer/Library/Frameworks",
					"$(inherited)",
					"$(DEVELOPER_FRAMEWORKS_DIR)",
				);
				GCC_PRECOMPILE_PREFIX_HEADER = YES;
				GCC_PREFIX_HEADER = "Tipmatic/Tipmatic-Prefix.pch";
				INFOPLIST_FILE = "TipmaticTests/TipmaticTests-Info.plist";
				PRODUCT_NAME = "$(TARGET_NAME)";
				TEST_HOST = "$(BUNDLE_LOADER)";
				WRAPPER_EXTENSION = xctest;
			};
			name = Release;
		};
/* End XCBuildConfiguration section */

/* Begin XCConfigurationList section */
		84185AB119A5AFE600FE0AB1 /* Build configuration list for PBXProject "Tipmatic" */ = {
			isa = XCConfigurationList;
			buildConfigurations = (
				84185AE619A5AFE600FE0AB1 /* Debug */,
				84185AE719A5AFE600FE0AB1 /* Release */,
			);
			defaultConfigurationIsVisible = 0;
			defaultConfigurationName = Release;
		};
		84185AE819A5AFE600FE0AB1 /* Build configuration list for PBXNativeTarget "Tipmatic" */ = {
			isa = XCConfigurationList;
			buildConfigurations = (
				84185AE919A5AFE600FE0AB1 /* Debug */,
				84185AEA19A5AFE600FE0AB1 /* Release */,
			);
			defaultConfigurationIsVisible = 0;
			defaultConfigurationName = Release;
		};
		84185AEB19A5AFE600FE0AB1 /* Build configuration list for PBXNativeTarget "TipmaticTests" */ = {
			isa = XCConfigurationList;
			buildConfigurations = (
				84185AEC19A5AFE600FE0AB1 /* Debug */,
				84185AED19A5AFE600FE0AB1 /* Release */,
			);
			defaultConfigurationIsVisible = 0;
			defaultConfigurationName = Release;
		};
/* End XCConfigurationList section */
	};
	rootObject = 84185AAE19A5AFE600FE0AB1 /* Project object */;
}
